
Microsoft Visual Studio Solution File, Format Version 12.00
# Visual Studio 14
VisualStudioVersion = 14.0.25123.0
MinimumVisualStudioVersion = 10.0.40219.1
Project("{2150E333-8FDC-42A3-9474-1A3956D46DE8}") = "Solution Items", "Solution Items", "{2409D606-2BE4-41F5-9BF9-28C02B0CA771}"
	ProjectSection(SolutionItems) = preProject
		global.json = global.json
	EndProjectSection
EndProject
Project("{2150E333-8FDC-42A3-9474-1A3956D46DE8}") = "src", "src", "{CA8D7305-14CF-4E5E-A719-8BAF7B5A750A}"
EndProject
Project("{8BB2217D-0F2D-49D1-97BC-3654ED321F3B}") = "WebApp", "WebApp\WebApp.xproj", "{DB52D4E4-A0B5-469D-A816-2A103379C182}"
EndProject
Project("{8BB2217D-0F2D-49D1-97BC-3654ED321F3B}") = "WebAppWithMultipleSupportedTFMs", "src\WebAppWithMultipleSupportedTFMs\WebAppWithMultipleSupportedTFMs.xproj", "{B2FB3B2F-B9B3-4AB6-98DB-C1C86CA2A381}"
EndProject
Project("{8BB2217D-0F2D-49D1-97BC-3654ED321F3B}") = "WebAppWithNetStandardAndNetCore", "src\WebAppWithNetStandardAndNetCore\WebAppWithNetStandardAndNetCore.xproj", "{D076BCB8-37DA-493A-B5E8-332DEDD4493C}"
EndProject
Project("{8BB2217D-0F2D-49D1-97BC-3654ED321F3B}") = "WebAppWithMultipleRIDs", "src\WebAppWithMultipleRIDs\WebAppWithMultipleRIDs.xproj", "{FEA1EB5D-C70A-4455-9970-01E233B8888D}"
EndProject
Project("{8BB2217D-0F2D-49D1-97BC-3654ED321F3B}") = "WebAppWithUnsupportedTFM", "src\WebAppWithUnsupportedTFM\WebAppWithUnsupportedTFM.xproj", "{BDF0D15E-8ABF-4D09-A422-55580C3297BE}"
EndProject
Project("{8BB2217D-0F2D-49D1-97BC-3654ED321F3B}") = "WebAppWithUnsupportedRID", "src\WebAppWithUnsupportedRID\WebAppWithUnsupportedRID.xproj", "{A21225DB-ACD7-4A4D-9A1E-3C5E0C73913B}"
EndProject
Project("{8BB2217D-0F2D-49D1-97BC-3654ED321F3B}") = "LibraryWithMultipleRIDs", "src\LibraryWithMultipleRIDs\LibraryWithMultipleRIDs.xproj", "{419288E2-2F0A-4866-A814-FE80FBCAA23F}"
EndProject
Project("{8BB2217D-0F2D-49D1-97BC-3654ED321F3B}") = "WebAppReferencingLibrary", "src\WebAppReferencingLibrary\WebAppReferencingLibrary.xproj", "{A41D5FD0-9E8C-423F-80DF-D85DCE50E0DC}"
EndProject
Global
	GlobalSection(SolutionConfigurationPlatforms) = preSolution
		Debug|Any CPU = Debug|Any CPU
		Release|Any CPU = Release|Any CPU
	EndGlobalSection
	GlobalSection(ProjectConfigurationPlatforms) = postSolution
		{DB52D4E4-A0B5-469D-A816-2A103379C182}.Debug|Any CPU.ActiveCfg = Debug|Any CPU
		{DB52D4E4-A0B5-469D-A816-2A103379C182}.Debug|Any CPU.Build.0 = Debug|Any CPU
		{DB52D4E4-A0B5-469D-A816-2A103379C182}.Release|Any CPU.ActiveCfg = Release|Any CPU
		{DB52D4E4-A0B5-469D-A816-2A103379C182}.Release|Any CPU.Build.0 = Release|Any CPU
		{B2FB3B2F-B9B3-4AB6-98DB-C1C86CA2A381}.Debug|Any CPU.ActiveCfg = Debug|Any CPU
		{B2FB3B2F-B9B3-4AB6-98DB-C1C86CA2A381}.Debug|Any CPU.Build.0 = Debug|Any CPU
		{B2FB3B2F-B9B3-4AB6-98DB-C1C86CA2A381}.Release|Any CPU.ActiveCfg = Release|Any CPU
		{B2FB3B2F-B9B3-4AB6-98DB-C1C86CA2A381}.Release|Any CPU.Build.0 = Release|Any CPU
		{D076BCB8-37DA-493A-B5E8-332DEDD4493C}.Debug|Any CPU.ActiveCfg = Debug|Any CPU
		{D076BCB8-37DA-493A-B5E8-332DEDD4493C}.Debug|Any CPU.Build.0 = Debug|Any CPU
		{D076BCB8-37DA-493A-B5E8-332DEDD4493C}.Release|Any CPU.ActiveCfg = Release|Any CPU
		{D076BCB8-37DA-493A-B5E8-332DEDD4493C}.Release|Any CPU.Build.0 = Release|Any CPU
		{FEA1EB5D-C70A-4455-9970-01E233B8888D}.Debug|Any CPU.ActiveCfg = Debug|Any CPU
		{FEA1EB5D-C70A-4455-9970-01E233B8888D}.Debug|Any CPU.Build.0 = Debug|Any CPU
		{FEA1EB5D-C70A-4455-9970-01E233B8888D}.Release|Any CPU.ActiveCfg = Release|Any CPU
		{FEA1EB5D-C70A-4455-9970-01E233B8888D}.Release|Any CPU.Build.0 = Release|Any CPU
		{BDF0D15E-8ABF-4D09-A422-55580C3297BE}.Debug|Any CPU.ActiveCfg = Debug|Any CPU
		{BDF0D15E-8ABF-4D09-A422-55580C3297BE}.Debug|Any CPU.Build.0 = Debug|Any CPU
		{BDF0D15E-8ABF-4D09-A422-55580C3297BE}.Release|Any CPU.ActiveCfg = Release|Any CPU
		{BDF0D15E-8ABF-4D09-A422-55580C3297BE}.Release|Any CPU.Build.0 = Release|Any CPU
		{A21225DB-ACD7-4A4D-9A1E-3C5E0C73913B}.Debug|Any CPU.ActiveCfg = Debug|Any CPU
		{A21225DB-ACD7-4A4D-9A1E-3C5E0C73913B}.Debug|Any CPU.Build.0 = Debug|Any CPU
		{A21225DB-ACD7-4A4D-9A1E-3C5E0C73913B}.Release|Any CPU.ActiveCfg = Release|Any CPU
		{A21225DB-ACD7-4A4D-9A1E-3C5E0C73913B}.Release|Any CPU.Build.0 = Release|Any CPU
		{419288E2-2F0A-4866-A814-FE80FBCAA23F}.Debug|Any CPU.ActiveCfg = Debug|Any CPU
		{419288E2-2F0A-4866-A814-FE80FBCAA23F}.Debug|Any CPU.Build.0 = Debug|Any CPU
		{419288E2-2F0A-4866-A814-FE80FBCAA23F}.Release|Any CPU.ActiveCfg = Release|Any CPU
		{419288E2-2F0A-4866-A814-FE80FBCAA23F}.Release|Any CPU.Build.0 = Release|Any CPU
		{A41D5FD0-9E8C-423F-80DF-D85DCE50E0DC}.Debug|Any CPU.ActiveCfg = Debug|Any CPU
		{A41D5FD0-9E8C-423F-80DF-D85DCE50E0DC}.Debug|Any CPU.Build.0 = Debug|Any CPU
		{A41D5FD0-9E8C-423F-80DF-D85DCE50E0DC}.Release|Any CPU.ActiveCfg = Release|Any CPU
		{A41D5FD0-9E8C-423F-80DF-D85DCE50E0DC}.Release|Any CPU.Build.0 = Release|Any CPU
	EndGlobalSection
	GlobalSection(SolutionProperties) = preSolution
		HideSolutionNode = FALSE
	EndGlobalSection
	GlobalSection(NestedProjects) = preSolution
		{DB52D4E4-A0B5-469D-A816-2A103379C182} = {CA8D7305-14CF-4E5E-A719-8BAF7B5A750A}
		{B2FB3B2F-B9B3-4AB6-98DB-C1C86CA2A381} = {CA8D7305-14CF-4E5E-A719-8BAF7B5A750A}
		{D076BCB8-37DA-493A-B5E8-332DEDD4493C} = {CA8D7305-14CF-4E5E-A719-8BAF7B5A750A}
		{FEA1EB5D-C70A-4455-9970-01E233B8888D} = {CA8D7305-14CF-4E5E-A719-8BAF7B5A750A}
		{BDF0D15E-8ABF-4D09-A422-55580C3297BE} = {CA8D7305-14CF-4E5E-A719-8BAF7B5A750A}
		{A21225DB-ACD7-4A4D-9A1E-3C5E0C73913B} = {CA8D7305-14CF-4E5E-A719-8BAF7B5A750A}
		{419288E2-2F0A-4866-A814-FE80FBCAA23F} = {CA8D7305-14CF-4E5E-A719-8BAF7B5A750A}
		{A41D5FD0-9E8C-423F-80DF-D85DCE50E0DC} = {CA8D7305-14CF-4E5E-A719-8BAF7B5A750A}
	EndGlobalSection
EndGlobal
